
Microsoft Visual Studio Solution File, Format Version 12.00
# Visual Studio Version 17
VisualStudioVersion = 17.2.32526.322
MinimumVisualStudioVersion = 10.0.40219.1
Project("{9A19103F-16F7-4668-BE54-9A1E7A4F7556}") = "BandAPI", "BandAPI\BandAPI.csproj", "{3AD1B878-C9F3-4D59-91E1-008494F2891D}"
EndProject
Project("{9A19103F-16F7-4668-BE54-9A1E7A4F7556}") = "BandAPI-V2-DataAccess", "BandAPI-V2-DataAccess\BandAPI-V2-DataAccess.csproj", "{2718E942-7F5E-4383-A996-74DF22D80411}"
EndProject
Project("{9A19103F-16F7-4668-BE54-9A1E7A4F7556}") = "BandAPI-V2-Business", "BandAPI-V2-Business\BandAPI-V2-Business.csproj", "{5D5EDEEE-6F42-401C-9BC4-AF0F9EE1E1D2}"
EndProject
Project("{9A19103F-16F7-4668-BE54-9A1E7A4F7556}") = "BandAPI-V2-Entities", "BandAPI-V2-Entities\BandAPI-V2-Entities.csproj", "{9C11457F-3494-41CC-9122-A92B74517B88}"
EndProject
Project("{9A19103F-16F7-4668-BE54-9A1E7A4F7556}") = "BandAPI-V2-DTOS", "BandAPI-V2-DTOS\BandAPI-V2-DTOS.csproj", "{B3781C8D-D6CD-4E65-B4BB-F15B183AF64D}"
EndProject
Project("{FAE04EC0-301F-11D3-BF4B-00C04F79EFBC}") = "BandAPI--V2", "BandAPI--V2\BandAPI--V2.csproj", "{898DFBF8-BE9F-4327-8094-078EE9EC2341}"
EndProject
Global
	GlobalSection(SolutionConfigurationPlatforms) = preSolution
		Debug|Any CPU = Debug|Any CPU
		Release|Any CPU = Release|Any CPU
	EndGlobalSection
	GlobalSection(ProjectConfigurationPlatforms) = postSolution
		{3AD1B878-C9F3-4D59-91E1-008494F2891D}.Debug|Any CPU.ActiveCfg = Debug|Any CPU
		{3AD1B878-C9F3-4D59-91E1-008494F2891D}.Debug|Any CPU.Build.0 = Debug|Any CPU
		{3AD1B878-C9F3-4D59-91E1-008494F2891D}.Release|Any CPU.ActiveCfg = Release|Any CPU
		{3AD1B878-C9F3-4D59-91E1-008494F2891D}.Release|Any CPU.Build.0 = Release|Any CPU
		{2718E942-7F5E-4383-A996-74DF22D80411}.Debug|Any CPU.ActiveCfg = Debug|Any CPU
		{2718E942-7F5E-4383-A996-74DF22D80411}.Debug|Any CPU.Build.0 = Debug|Any CPU
		{2718E942-7F5E-4383-A996-74DF22D80411}.Release|Any CPU.ActiveCfg = Release|Any CPU
		{2718E942-7F5E-4383-A996-74DF22D80411}.Release|Any CPU.Build.0 = Release|Any CPU
		{5D5EDEEE-6F42-401C-9BC4-AF0F9EE1E1D2}.Debug|Any CPU.ActiveCfg = Debug|Any CPU
		{5D5EDEEE-6F42-401C-9BC4-AF0F9EE1E1D2}.Debug|Any CPU.Build.0 = Debug|Any CPU
		{5D5EDEEE-6F42-401C-9BC4-AF0F9EE1E1D2}.Release|Any CPU.ActiveCfg = Release|Any CPU
		{5D5EDEEE-6F42-401C-9BC4-AF0F9EE1E1D2}.Release|Any CPU.Build.0 = Release|Any CPU
		{9C11457F-3494-41CC-9122-A92B74517B88}.Debug|Any CPU.ActiveCfg = Debug|Any CPU
		{9C11457F-3494-41CC-9122-A92B74517B88}.Debug|Any CPU.Build.0 = Debug|Any CPU
		{9C11457F-3494-41CC-9122-A92B74517B88}.Release|Any CPU.ActiveCfg = Release|Any CPU
		{9C11457F-3494-41CC-9122-A92B74517B88}.Release|Any CPU.Build.0 = Release|Any CPU
		{B3781C8D-D6CD-4E65-B4BB-F15B183AF64D}.Debug|Any CPU.ActiveCfg = Debug|Any CPU
		{B3781C8D-D6CD-4E65-B4BB-F15B183AF64D}.Debug|Any CPU.Build.0 = Debug|Any CPU
		{B3781C8D-D6CD-4E65-B4BB-F15B183AF64D}.Release|Any CPU.ActiveCfg = Release|Any CPU
		{B3781C8D-D6CD-4E65-B4BB-F15B183AF64D}.Release|Any CPU.Build.0 = Release|Any CPU
		{898DFBF8-BE9F-4327-8094-078EE9EC2341}.Debug|Any CPU.ActiveCfg = Debug|Any CPU
		{898DFBF8-BE9F-4327-8094-078EE9EC2341}.Debug|Any CPU.Build.0 = Debug|Any CPU
		{898DFBF8-BE9F-4327-8094-078EE9EC2341}.Release|Any CPU.ActiveCfg = Release|Any CPU
		{898DFBF8-BE9F-4327-8094-078EE9EC2341}.Release|Any CPU.Build.0 = Release|Any CPU
	EndGlobalSection
	GlobalSection(SolutionProperties) = preSolution
		HideSolutionNode = FALSE
	EndGlobalSection
	GlobalSection(ExtensibilityGlobals) = postSolution
		SolutionGuid = {9EE153EC-8CC2-4786-BE0A-F9A5FEBBC207}
	EndGlobalSection
EndGlobal
